Microsoft Visual Studio Solution File, Format Version 12.00
# Visual Studio Version 17
VisualStudioVersion = 17.5.2.0
MinimumVisualStudioVersion = 10.0.40219.1
Project("{FAE04EC0-301F-11D3-BF4B-00C04F79EFBC}") = "ApiLog", "ApiLog.csproj", "{26584C87-414C-3340-E2B1-D8E48EDBC567}"
EndProject
Global
	GlobalSection(SolutionConfigurationPlatforms) = preSolution
		Debug|Any CPU = Debug|Any CPU
		Release|Any CPU = Release|Any CPU
	EndGlobalSection
	GlobalSection(ProjectConfigurationPlatforms) = postSolution
		{26584C87-414C-3340-E2B1-D8E48EDBC567}.Debug|Any CPU.ActiveCfg = Debug|Any CPU
		{26584C87-414C-3340-E2B1-D8E48EDBC567}.Debug|Any CPU.Build.0 = Debug|Any CPU
		{26584C87-414C-3340-E2B1-D8E48EDBC567}.Release|Any CPU.ActiveCfg = Release|Any CPU
		{26584C87-414C-3340-E2B1-D8E48EDBC567}.Release|Any CPU.Build.0 = Release|Any CPU
	EndGlobalSection
	GlobalSection(SolutionProperties) = preSolution
		HideSolutionNode = FALSE
	EndGlobalSection
	GlobalSection(ExtensibilityGlobals) = postSolution
		SolutionGuid = {26DCC7D0-D85F-4557-BD77-F4F6649CD3B9}
	EndGlobalSection
EndGlobal
